
Microsoft Visual Studio Solution File, Format Version 12.00
# Visual Studio Version 17
VisualStudioVersion = 17.1.32328.378
MinimumVisualStudioVersion = 10.0.40219.1
Project("{9A19103F-16F7-4668-BE54-9A1E7A4F7556}") = "OdeToFood", "OdeToFood.csproj", "{E5040948-DA07-4F3B-9BC5-79BB5071F958}"
EndProject
Project("{9A19103F-16F7-4668-BE54-9A1E7A4F7556}") = "OdeToFood.Core", "..\OdeToFood.Core\OdeToFood.Core.csproj", "{EE423DC1-DBE6-44B6-94AE-1E1175319A1B}"
EndProject
Project("{9A19103F-16F7-4668-BE54-9A1E7A4F7556}") = "OdeToFood.Data", "..\OdeToFood.Data\OdeToFood.Data.csproj", "{F8186F18-C5E9-465D-B7B9-238053656144}"
EndProject
Global
	GlobalSection(SolutionConfigurationPlatforms) = preSolution
		Debug|Any CPU = Debug|Any CPU
		Release|Any CPU = Release|Any CPU
	EndGlobalSection
	GlobalSection(ProjectConfigurationPlatforms) = postSolution
		{E5040948-DA07-4F3B-9BC5-79BB5071F958}.Debug|Any CPU.ActiveCfg = Debug|Any CPU
		{E5040948-DA07-4F3B-9BC5-79BB5071F958}.Debug|Any CPU.Build.0 = Debug|Any CPU
		{E5040948-DA07-4F3B-9BC5-79BB5071F958}.Release|Any CPU.ActiveCfg = Release|Any CPU
		{E5040948-DA07-4F3B-9BC5-79BB5071F958}.Release|Any CPU.Build.0 = Release|Any CPU
		{EE423DC1-DBE6-44B6-94AE-1E1175319A1B}.Debug|Any CPU.ActiveCfg = Debug|Any CPU
		{EE423DC1-DBE6-44B6-94AE-1E1175319A1B}.Debug|Any CPU.Build.0 = Debug|Any CPU
		{EE423DC1-DBE6-44B6-94AE-1E1175319A1B}.Release|Any CPU.ActiveCfg = Release|Any CPU
		{EE423DC1-DBE6-44B6-94AE-1E1175319A1B}.Release|Any CPU.Build.0 = Release|Any CPU
		{F8186F18-C5E9-465D-B7B9-238053656144}.Debug|Any CPU.ActiveCfg = Debug|Any CPU
		{F8186F18-C5E9-465D-B7B9-238053656144}.Debug|Any CPU.Build.0 = Debug|Any CPU
		{F8186F18-C5E9-465D-B7B9-238053656144}.Release|Any CPU.ActiveCfg = Release|Any CPU
		{F8186F18-C5E9-465D-B7B9-238053656144}.Release|Any CPU.Build.0 = Release|Any CPU
	EndGlobalSection
	GlobalSection(SolutionProperties) = preSolution
		HideSolutionNode = FALSE
	EndGlobalSection
	GlobalSection(ExtensibilityGlobals) = postSolution
		SolutionGuid = {D203198D-C98F-4AE8-95E4-302C2377DB90}
	EndGlobalSection
EndGlobal
